
Microsoft Visual Studio Solution File, Format Version 12.00
# Visual Studio Version 17
VisualStudioVersion = 17.11.35312.102
MinimumVisualStudioVersion = 10.0.40219.1
Project("{FAE04EC0-301F-11D3-BF4B-00C04F79EFBC}") = "ModelTrainer", "ModelTrainer\ModelTrainer.csproj", "{8A866D2F-35C4-409A-99CB-9722532E48FF}"
EndProject
Global
	GlobalSection(SolutionConfigurationPlatforms) = preSolution
		Debug|Any CPU = Debug|Any CPU
		Release|Any CPU = Release|Any CPU
	EndGlobalSection
	GlobalSection(ProjectConfigurationPlatforms) = postSolution
		{8A866D2F-35C4-409A-99CB-9722532E48FF}.Debug|Any CPU.ActiveCfg = Debug|Any CPU
		{8A866D2F-35C4-409A-99CB-9722532E48FF}.Debug|Any CPU.Build.0 = Debug|Any CPU
		{8A866D2F-35C4-409A-99CB-9722532E48FF}.Release|Any CPU.ActiveCfg = Release|Any CPU
		{8A866D2F-35C4-409A-99CB-9722532E48FF}.Release|Any CPU.Build.0 = Release|Any CPU
	EndGlobalSection
	GlobalSection(SolutionProperties) = preSolution
		HideSolutionNode = FALSE
	EndGlobalSection
	GlobalSection(ExtensibilityGlobals) = postSolution
		SolutionGuid = {644B10F3-98D7-488A-94D0-FAE80223FDD5}
	EndGlobalSection
EndGlobal
